
Microsoft Visual Studio Solution File, Format Version 12.00
# Visual Studio Version 17
VisualStudioVersion = 17.6.33829.357
MinimumVisualStudioVersion = 10.0.40219.1
Project("{FAE04EC0-301F-11D3-BF4B-00C04F79EFBC}") = "topic 4.5", "topic 4.5.csproj", "{BF605774-CDF9-4D49-9A27-6DBF7DB590E7}"
EndProject
Global
	GlobalSection(SolutionConfigurationPlatforms) = preSolution
		Debug|Any CPU = Debug|Any CPU
		Release|Any CPU = Release|Any CPU
	EndGlobalSection
	GlobalSection(ProjectConfigurationPlatforms) = postSolution
		{BF605774-CDF9-4D49-9A27-6DBF7DB590E7}.Debug|Any CPU.ActiveCfg = Debug|Any CPU
		{BF605774-CDF9-4D49-9A27-6DBF7DB590E7}.Debug|Any CPU.Build.0 = Debug|Any CPU
		{BF605774-CDF9-4D49-9A27-6DBF7DB590E7}.Release|Any CPU.ActiveCfg = Release|Any CPU
		{BF605774-CDF9-4D49-9A27-6DBF7DB590E7}.Release|Any CPU.Build.0 = Release|Any CPU
	EndGlobalSection
	GlobalSection(SolutionProperties) = preSolution
		HideSolutionNode = FALSE
	EndGlobalSection
	GlobalSection(ExtensibilityGlobals) = postSolution
		SolutionGuid = {D1C3E4F3-C9BC-420A-8C49-19F53F6EA79B}
	EndGlobalSection
EndGlobal
